
Microsoft Visual Studio Solution File, Format Version 12.00
# Visual Studio Version 17
VisualStudioVersion = 17.4.33213.308
MinimumVisualStudioVersion = 10.0.40219.1
Project("{9A19103F-16F7-4668-BE54-9A1E7A4F7556}") = "ClientInformationServices", "ClientInformationServices\ClientInformationServices.csproj", "{085F5A58-6F3B-4E45-915E-379E495B11CB}"
EndProject
Project("{9A19103F-16F7-4668-BE54-9A1E7A4F7556}") = "SoundRecorder", "..\..\..\Documents\SoundRecorder\SoundRecorder\SoundRecorder\SoundRecorder.csproj", "{53781C92-9DAB-49F6-B994-93FCF7D551CF}"
EndProject
Global
	GlobalSection(SolutionConfigurationPlatforms) = preSolution
		Debug|Any CPU = Debug|Any CPU
		Release|Any CPU = Release|Any CPU
	EndGlobalSection
	GlobalSection(ProjectConfigurationPlatforms) = postSolution
		{085F5A58-6F3B-4E45-915E-379E495B11CB}.Debug|Any CPU.ActiveCfg = Debug|Any CPU
		{085F5A58-6F3B-4E45-915E-379E495B11CB}.Debug|Any CPU.Build.0 = Debug|Any CPU
		{085F5A58-6F3B-4E45-915E-379E495B11CB}.Release|Any CPU.ActiveCfg = Release|Any CPU
		{085F5A58-6F3B-4E45-915E-379E495B11CB}.Release|Any CPU.Build.0 = Release|Any CPU
		{53781C92-9DAB-49F6-B994-93FCF7D551CF}.Debug|Any CPU.ActiveCfg = Debug|Any CPU
		{53781C92-9DAB-49F6-B994-93FCF7D551CF}.Debug|Any CPU.Build.0 = Debug|Any CPU
		{53781C92-9DAB-49F6-B994-93FCF7D551CF}.Release|Any CPU.ActiveCfg = Release|Any CPU
		{53781C92-9DAB-49F6-B994-93FCF7D551CF}.Release|Any CPU.Build.0 = Release|Any CPU
	EndGlobalSection
	GlobalSection(SolutionProperties) = preSolution
		HideSolutionNode = FALSE
	EndGlobalSection
	GlobalSection(ExtensibilityGlobals) = postSolution
		SolutionGuid = {ED3A9186-1C02-4114-9849-603E4F0721E5}
	EndGlobalSection
EndGlobal
